
Microsoft Visual Studio Solution File, Format Version 12.00
# Visual Studio 14
VisualStudioVersion = 14.0.25123.0
MinimumVisualStudioVersion = 10.0.40219.1
Project("{E65A2F6B-C4EA-4231-9C38-D1CF9D2F9128}") = "Sitecore.Support.424665", "Sitecore.Support.424665\Sitecore.Support.424665.csproj", "{24B9E7B9-2161-401A-B22D-6EFBA01DE4F9}"
EndProject
Global
	GlobalSection(SolutionConfigurationPlatforms) = preSolution
		Debug|Any CPU = Debug|Any CPU
		Release|Any CPU = Release|Any CPU
	EndGlobalSection
	GlobalSection(ProjectConfigurationPlatforms) = postSolution
		{24B9E7B9-2161-401A-B22D-6EFBA01DE4F9}.Debug|Any CPU.ActiveCfg = Debug|Any CPU
		{24B9E7B9-2161-401A-B22D-6EFBA01DE4F9}.Debug|Any CPU.Build.0 = Debug|Any CPU
		{24B9E7B9-2161-401A-B22D-6EFBA01DE4F9}.Release|Any CPU.ActiveCfg = Release|Any CPU
		{24B9E7B9-2161-401A-B22D-6EFBA01DE4F9}.Release|Any CPU.Build.0 = Release|Any CPU
	EndGlobalSection
	GlobalSection(SolutionProperties) = preSolution
		HideSolutionNode = FALSE
	EndGlobalSection
EndGlobal
